$ANSIBLE_VAULT;1.1;AES256
65616137613765663733623763666561613230616634316164666535623737666439643631663033
6530646166353730616337643536363436616338616235330a383535613464316530333638383961
35323437313835623066356363633234323261363637366237363437393238316563646234316632
3161616434643835620a626137313039396332346632613462363430383232613561636431386161
65376664316161333266643431366135616165333836343137316262363166343033
